
Microsoft Visual Studio Solution File, Format Version 12.00
# Visual Studio Version 17
VisualStudioVersion = 17.7.34031.279
MinimumVisualStudioVersion = 10.0.40219.1
Project("{FAE04EC0-301F-11D3-BF4B-00C04F79EFBC}") = "Dice_Roller", "Dice_Roller\Dice_Roller.csproj", "{C39E1E02-C85A-4C6F-902C-C80A59F43599}"
EndProject
Global
	GlobalSection(SolutionConfigurationPlatforms) = preSolution
		Debug|Any CPU = Debug|Any CPU
		Release|Any CPU = Release|Any CPU
	EndGlobalSection
	GlobalSection(ProjectConfigurationPlatforms) = postSolution
		{C39E1E02-C85A-4C6F-902C-C80A59F43599}.Debug|Any CPU.ActiveCfg = Debug|Any CPU
		{C39E1E02-C85A-4C6F-902C-C80A59F43599}.Debug|Any CPU.Build.0 = Debug|Any CPU
		{C39E1E02-C85A-4C6F-902C-C80A59F43599}.Release|Any CPU.ActiveCfg = Release|Any CPU
		{C39E1E02-C85A-4C6F-902C-C80A59F43599}.Release|Any CPU.Build.0 = Release|Any CPU
	EndGlobalSection
	GlobalSection(SolutionProperties) = preSolution
		HideSolutionNode = FALSE
	EndGlobalSection
	GlobalSection(ExtensibilityGlobals) = postSolution
		SolutionGuid = {AF954871-B15F-4F2B-ABF0-B62A05AC91C5}
	EndGlobalSection
EndGlobal
